
Microsoft Visual Studio Solution File, Format Version 12.00
# Visual Studio 14
VisualStudioVersion = 14.0.24720.0
MinimumVisualStudioVersion = 10.0.40219.1
Project("{FAE04EC0-301F-11D3-BF4B-00C04F79EFBC}") = "Serialization", "Serialization\Serialization.csproj", "{B9220CEC-B00A-4F6A-83B5-19ECB397D51F}"
EndProject
Project("{FAE04EC0-301F-11D3-BF4B-00C04F79EFBC}") = "Serialization.Console", "Serialization.Console\Serialization.Console.csproj", "{B4D60556-AD64-4EEF-9137-9A899F85BDEA}"
	ProjectSection(ProjectDependencies) = postProject
		{B9220CEC-B00A-4F6A-83B5-19ECB397D51F} = {B9220CEC-B00A-4F6A-83B5-19ECB397D51F}
	EndProjectSection
EndProject
Global
	GlobalSection(SolutionConfigurationPlatforms) = preSolution
		Debug|Any CPU = Debug|Any CPU
		Release|Any CPU = Release|Any CPU
	EndGlobalSection
	GlobalSection(ProjectConfigurationPlatforms) = postSolution
		{B9220CEC-B00A-4F6A-83B5-19ECB397D51F}.Debug|Any CPU.ActiveCfg = Debug|Any CPU
		{B9220CEC-B00A-4F6A-83B5-19ECB397D51F}.Debug|Any CPU.Build.0 = Debug|Any CPU
		{B9220CEC-B00A-4F6A-83B5-19ECB397D51F}.Release|Any CPU.ActiveCfg = Release|Any CPU
		{B9220CEC-B00A-4F6A-83B5-19ECB397D51F}.Release|Any CPU.Build.0 = Release|Any CPU
		{B4D60556-AD64-4EEF-9137-9A899F85BDEA}.Debug|Any CPU.ActiveCfg = Debug|Any CPU
		{B4D60556-AD64-4EEF-9137-9A899F85BDEA}.Debug|Any CPU.Build.0 = Debug|Any CPU
		{B4D60556-AD64-4EEF-9137-9A899F85BDEA}.Release|Any CPU.ActiveCfg = Release|Any CPU
		{B4D60556-AD64-4EEF-9137-9A899F85BDEA}.Release|Any CPU.Build.0 = Release|Any CPU
	EndGlobalSection
	GlobalSection(SolutionProperties) = preSolution
		HideSolutionNode = FALSE
	EndGlobalSection
EndGlobal
